
Microsoft Visual Studio Solution File, Format Version 12.00
# Visual Studio Version 16
VisualStudioVersion = 16.0.30717.126
MinimumVisualStudioVersion = 10.0.40219.1
Project("{9A19103F-16F7-4668-BE54-9A1E7A4F7556}") = "Iftm.AsyncUtilities", "Iftm.AsyncUtilities\Iftm.AsyncUtilities.csproj", "{106E2DD7-314D-4E53-9584-516E48177832}"
EndProject
Project("{9A19103F-16F7-4668-BE54-9A1E7A4F7556}") = "Iftm.AsyncUtilities.Tests", "Iftm.AsyncUtilities.Tests\Iftm.AsyncUtilities.Tests.csproj", "{70A94DD2-1D5F-4FD0-9544-2E11972F2AF2}"
EndProject
Project("{2150E333-8FDC-42A3-9474-1A3956D46DE8}") = "Solution Items", "Solution Items", "{86ECACA2-9DD8-4A0A-A046-C1AB3835F903}"
	ProjectSection(SolutionItems) = preProject
		LICENSE.md = LICENSE.md
		README.md = README.md
	EndProjectSection
EndProject
Global
	GlobalSection(SolutionConfigurationPlatforms) = preSolution
		Debug|Any CPU = Debug|Any CPU
		Release|Any CPU = Release|Any CPU
	EndGlobalSection
	GlobalSection(ProjectConfigurationPlatforms) = postSolution
		{106E2DD7-314D-4E53-9584-516E48177832}.Debug|Any CPU.ActiveCfg = Debug|Any CPU
		{106E2DD7-314D-4E53-9584-516E48177832}.Debug|Any CPU.Build.0 = Debug|Any CPU
		{106E2DD7-314D-4E53-9584-516E48177832}.Release|Any CPU.ActiveCfg = Release|Any CPU
		{106E2DD7-314D-4E53-9584-516E48177832}.Release|Any CPU.Build.0 = Release|Any CPU
		{70A94DD2-1D5F-4FD0-9544-2E11972F2AF2}.Debug|Any CPU.ActiveCfg = Debug|Any CPU
		{70A94DD2-1D5F-4FD0-9544-2E11972F2AF2}.Debug|Any CPU.Build.0 = Debug|Any CPU
		{70A94DD2-1D5F-4FD0-9544-2E11972F2AF2}.Release|Any CPU.ActiveCfg = Release|Any CPU
		{70A94DD2-1D5F-4FD0-9544-2E11972F2AF2}.Release|Any CPU.Build.0 = Release|Any CPU
	EndGlobalSection
	GlobalSection(SolutionProperties) = preSolution
		HideSolutionNode = FALSE
	EndGlobalSection
	GlobalSection(ExtensibilityGlobals) = postSolution
		SolutionGuid = {4D100B9E-4587-4F58-88F5-83EC235C591C}
	EndGlobalSection
EndGlobal
